
Microsoft Visual Studio Solution File, Format Version 12.00
# Visual Studio Version 16
VisualStudioVersion = 16.0.30907.101
MinimumVisualStudioVersion = 10.0.40219.1
Project("{FAE04EC0-301F-11D3-BF4B-00C04F79EFBC}") = "WebApplication8", "WebApplication8\WebApplication8.csproj", "{02861666-1010-435A-A13D-85AF458B2C4C}"
EndProject
Global
	GlobalSection(SolutionConfigurationPlatforms) = preSolution
		Debug|Any CPU = Debug|Any CPU
		Release|Any CPU = Release|Any CPU
	EndGlobalSection
	GlobalSection(ProjectConfigurationPlatforms) = postSolution
		{02861666-1010-435A-A13D-85AF458B2C4C}.Debug|Any CPU.ActiveCfg = Debug|Any CPU
		{02861666-1010-435A-A13D-85AF458B2C4C}.Debug|Any CPU.Build.0 = Debug|Any CPU
		{02861666-1010-435A-A13D-85AF458B2C4C}.Release|Any CPU.ActiveCfg = Release|Any CPU
		{02861666-1010-435A-A13D-85AF458B2C4C}.Release|Any CPU.Build.0 = Release|Any CPU
	EndGlobalSection
	GlobalSection(SolutionProperties) = preSolution
		HideSolutionNode = FALSE
	EndGlobalSection
	GlobalSection(ExtensibilityGlobals) = postSolution
		SolutionGuid = {0B10A5A2-3F19-4130-9EC8-2FF99BA90314}
	EndGlobalSection
EndGlobal
